// !$*UTF8*$!
{
	archiveVersion = 1;
	classes = {
	};
	objectVersion = 46;
	objects = {

/* Begin PBXBuildFile section */
		43A667EF1D7B08B200D2E695 /* AppDelegate.swift in Sources */ = {isa = PBXBuildFile; fileRef = 43A667EE1D7B08B200D2E695 /* AppDelegate.swift */; };
		43A667F61D7B08B300D2E695 /* Main.storyboard in Resources */ = {isa = PBXBuildFile; fileRef = 43A667F41D7B08B300D2E695 /* Main.storyboard */; };
		43A667F81D7B08B300D2E695 /* Assets.xcassets in Resources */ = {isa = PBXBuildFile; fileRef = 43A667F71D7B08B300D2E695 /* Assets.xcassets */; };
		43A667FB1D7B08B300D2E695 /* LaunchScreen.storyboard in Resources */ = {isa = PBXBuildFile; fileRef = 43A667F91D7B08B300D2E695 /* LaunchScreen.storyboard */; };
		43A668031D7BC44A00D2E695 /* homeViewController.swift in Sources */ = {isa = PBXBuildFile; fileRef = 43A668021D7BC44A00D2E695 /* homeViewController.swift */; };
		43A668061D7BC46400D2E695 /* giveViewController.swift in Sources */ = {isa = PBXBuildFile; fileRef = 43A668051D7BC46400D2E695 /* giveViewController.swift */; };
		43A668081D7BC47F00D2E695 /* registerViewController.swift in Sources */ = {isa = PBXBuildFile; fileRef = 43A668071D7BC47F00D2E695 /* registerViewController.swift */; };
		43A6680A1D7BC49100D2E695 /* ccbViewController.swift in Sources */ = {isa = PBXBuildFile; fileRef = 43A668091D7BC49100D2E695 /* ccbViewController.swift */; };
/* End PBXBuildFile section */

/* Begin PBXFileReference section */
		43A667EB1D7B08B200D2E695 /* Grace-Chapel-App.app */ = {isa = PBXFileReference; explicitFileType = wrapper.application; includeInIndex = 0; path = "Grace-Chapel-App.app"; sourceTree = BUILT_PRODUCTS_DIR; };
		43A667EE1D7B08B200D2E695 /* AppDelegate.swift */ = {isa = PBXFileReference; lastKnownFileType = sourcecode.swift; path = AppDelegate.swift; sourceTree = "<group>"; };
		43A667F51D7B08B300D2E695 /* Base */ = {isa = PBXFileReference; lastKnownFileType = file.storyboard; name = Base; path = Base.lproj/Main.storyboard; sourceTree = "<group>"; };
		43A667F71D7B08B300D2E695 /* Assets.xcassets */ = {isa = PBXFileReference; lastKnownFileType = folder.assetcatalog; path = Assets.xcassets; sourceTree = "<group>"; };
		43A667FA1D7B08B300D2E695 /* Base */ = {isa = PBXFileReference; lastKnownFileType = file.storyboard; name = Base; path = Base.lproj/LaunchScreen.storyboard; sourceTree = "<group>"; };
		43A667FC1D7B08B300D2E695 /* Info.plist */ = {isa = PBXFileReference; lastKnownFileType = text.plist.xml; path = Info.plist; sourceTree = "<group>"; };
		43A668021D7BC44A00D2E695 /* homeViewController.swift */ = {isa = PBXFileReference; fileEncoding = 4; lastKnownFileType = sourcecode.swift; path = homeViewController.swift; sourceTree = "<group>"; };
		43A668051D7BC46400D2E695 /* giveViewController.swift */ = {isa = PBXFileReference; fileEncoding = 4; lastKnownFileType = sourcecode.swift; path = giveViewController.swift; sourceTree = "<group>"; };
		43A668071D7BC47F00D2E695 /* registerViewController.swift */ = {isa = PBXFileReference; fileEncoding = 4; lastKnownFileType = sourcecode.swift; path = registerViewController.swift; sourceTree = "<group>"; };
		43A668091D7BC49100D2E695 /* ccbViewController.swift */ = {isa = PBXFileReference; fileEncoding = 4; lastKnownFileType = sourcecode.swift; path = ccbViewController.swift; sourceTree = "<group>"; };
/* End PBXFileReference section */

/* Begin PBXFrameworksBuildPhase section */
		43A667E81D7B08B200D2E695 /* Frameworks */ = {
			isa = PBXFrameworksBuildPhase;
			buildActionMask = 2147483647;
			files = (
			);
			runOnlyForDeploymentPostprocessing = 0;
		};
/* End PBXFrameworksBuildPhase section */

/* Begin PBXGroup section */
		43A667E21D7B08B200D2E695 = {
			isa = PBXGroup;
			children = (
				43A668041D7BC45100D2E695 /* Custome Views */,
				43A667ED1D7B08B200D2E695 /* Grace-Chapel-App */,
				43A667EC1D7B08B200D2E695 /* Products */,
			);
			sourceTree = "<group>";
		};
		43A667EC1D7B08B200D2E695 /* Products */ = {
			isa = PBXGroup;
			children = (
				43A667EB1D7B08B200D2E695 /* Grace-Chapel-App.app */,
			);
			name = Products;
			sourceTree = "<group>";
		};
		43A667ED1D7B08B200D2E695 /* Grace-Chapel-App */ = {
			isa = PBXGroup;
			children = (
				43A667EE1D7B08B200D2E695 /* AppDelegate.swift */,
				43A667F41D7B08B300D2E695 /* Main.storyboard */,
				43A667F71D7B08B300D2E695 /* Assets.xcassets */,
				43A667F91D7B08B300D2E695 /* LaunchScreen.storyboard */,
				43A667FC1D7B08B300D2E695 /* Info.plist */,
			);
			path = "Grace-Chapel-App";
			sourceTree = "<group>";
		};
		43A668041D7BC45100D2E695 /* Custome Views */ = {
			isa = PBXGroup;
			children = (
				43A668021D7BC44A00D2E695 /* homeViewController.swift */,
				43A668051D7BC46400D2E695 /* giveViewController.swift */,
				43A668071D7BC47F00D2E695 /* registerViewController.swift */,
				43A668091D7BC49100D2E695 /* ccbViewController.swift */,
			);
			name = "Custome Views";
			sourceTree = "<group>";
		};
/* End PBXGroup section */

/* Begin PBXNativeTarget section */
		43A667EA1D7B08B200D2E695 /* Grace-Chapel-App */ = {
			isa = PBXNativeTarget;
			buildConfigurationList = 43A667FF1D7B08B300D2E695 /* Build configuration list for PBXNativeTarget "Grace-Chapel-App" */;
			buildPhases = (
				43A667E71D7B08B200D2E695 /* Sources */,
				43A667E81D7B08B200D2E695 /* Frameworks */,
				43A667E91D7B08B200D2E695 /* Resources */,
			);
			buildRules = (
			);
			dependencies = (
			);
			name = "Grace-Chapel-App";
			productName = "Grace-Chapel-App";
			productReference = 43A667EB1D7B08B200D2E695 /* Grace-Chapel-App.app */;
			productType = "com.apple.product-type.application";
		};
/* End PBXNativeTarget section */

/* Begin PBXProject section */
		43A667E31D7B08B200D2E695 /* Project object */ = {
			isa = PBXProject;
			attributes = {
				LastSwiftUpdateCheck = 0730;
				LastUpgradeCheck = 0730;
				ORGANIZATIONNAME = "Nathanael Grant";
				TargetAttributes = {
					43A667EA1D7B08B200D2E695 = {
						CreatedOnToolsVersion = 7.3.1;
					};
				};
			};
			buildConfigurationList = 43A667E61D7B08B200D2E695 /* Build configuration list for PBXProject "Grace-Chapel-App" */;
			compatibilityVersion = "Xcode 3.2";
			developmentRegion = English;
			hasScannedForEncodings = 0;
			knownRegions = (
				en,
				Base,
			);
			mainGroup = 43A667E21D7B08B200D2E695;
			productRefGroup = 43A667EC1D7B08B200D2E695 /* Products */;
			projectDirPath = "";
			projectRoot = "";
			targets = (
				43A667EA1D7B08B200D2E695 /* Grace-Chapel-App */,
			);
		};
/* End PBXProject section */

/* Begin PBXResourcesBuildPhase section */
		43A667E91D7B08B200D2E695 /* Resources */ = {
			isa = PBXResourcesBuildPhase;
			buildActionMask = 2147483647;
			files = (
				43A667FB1D7B08B300D2E695 /* LaunchScreen.storyboard in Resources */,
				43A667F81D7B08B300D2E695 /* Assets.xcassets in Resources */,
				43A667F61D7B08B300D2E695 /* Main.storyboard in Resources */,
			);
			runOnlyForDeploymentPostprocessing = 0;
		};
/* End PBXResourcesBuildPhase section */

/* Begin PBXSourcesBuildPhase section */
		43A667E71D7B08B200D2E695 /* Sources */ = {
			isa = PBXSourcesBuildPhase;
			buildActionMask = 2147483647;
			files = (
				43A668061D7BC46400D2E695 /* giveViewController.swift in Sources */,
				43A667EF1D7B08B200D2E695 /* AppDelegate.swift in Sources */,
				43A668031D7BC44A00D2E695 /* homeViewController.swift in Sources */,
				43A668081D7BC47F00D2E695 /* registerViewController.swift in Sources */,
				43A6680A1D7BC49100D2E695 /* ccbViewController.swift in Sources */,
			);
			runOnlyForDeploymentPostprocessing = 0;
		};
/* End PBXSourcesBuildPhase section */

/* Begin PBXVariantGroup section */
		43A667F41D7B08B300D2E695 /* Main.storyboard */ = {
			isa = PBXVariantGroup;
			children = (
				43A667F51D7B08B300D2E695 /* Base */,
			);
			name = Main.storyboard;
			sourceTree = "<group>";
		};
		43A667F91D7B08B300D2E695 /* LaunchScreen.storyboard */ = {
			isa = PBXVariantGroup;
			children = (
				43A667FA1D7B08B300D2E695 /* Base */,
			);
			name = LaunchScreen.storyboard;
			sourceTree = "<group>";
		};
/* End PBXVariantGroup section */

/* Begin XCBuildConfiguration section */
		43A667FD1D7B08B300D2E695 /* Debug */ = {
			isa = XCBuildConfiguration;
			buildSettings = {
				ALWAYS_SEARCH_USER_PATHS = NO;
				CLANG_ANALYZER_NONNULL = YES;
				CLANG_CXX_LANGUAGE_STANDARD = "gnu++0x";
				CLANG_CXX_LIBRARY = "libc++";
				CLANG_ENABLE_MODULES = YES;
				CLANG_ENABLE_OBJC_ARC = YES;
				CLANG_WARN_BOOL_CONVERSION = YES;
				CLANG_WARN_CONSTANT_CONVERSION = YES;
				CLANG_WARN_DIRECT_OBJC_ISA_USAGE = YES_ERROR;
				CLANG_WARN_EMPTY_BODY = YES;
				CLANG_WARN_ENUM_CONVERSION = YES;
				CLANG_WARN_INT_CONVERSION = YES;
				CLANG_WARN_OBJC_ROOT_CLASS = YES_ERROR;
				CLANG_WARN_UNREACHABLE_CODE = YES;
				CLANG_WARN__DUPLICATE_METHOD_MATCH = YES;
				"CODE_SIGN_IDENTITY[sdk=iphoneos*]" = "iPhone Developer";
				COPY_PHASE_STRIP = NO;
				DEBUG_INFORMATION_FORMAT = dwarf;
				ENABLE_STRICT_OBJC_MSGSEND = YES;
				ENABLE_TESTABILITY = YES;
				GCC_C_LANGUAGE_STANDARD = gnu99;
				GCC_DYNAMIC_NO_PIC = NO;
				GCC_NO_COMMON_BLOCKS = YES;
				GCC_OPTIMIZATION_LEVEL = 0;
				GCC_PREPROCESSOR_DEFINITIONS = (
					"DEBUG=1",
					"$(inherited)",
				);
				GCC_WARN_64_TO_32_BIT_CONVERSION = YES;
				GCC_WARN_ABOUT_RETURN_TYPE = YES_ERROR;
				GCC_WARN_UNDECLARED_SELECTOR = YES;
				GCC_WARN_UNINITIALIZED_AUTOS = YES_AGGRESSIVE;
				GCC_WARN_UNUSED_FUNCTION = YES;
				GCC_WARN_UNUSED_VARIABLE = YES;
				IPHONEOS_DEPLOYMENT_TARGET = 9.3;
				MTL_ENABLE_DEBUG_INFO = YES;
				ONLY_ACTIVE_ARCH = YES;
				SDKROOT = iphoneos;
				SWIFT_OPTIMIZATION_LEVEL = "-Onone";
			};
			name = Debug;
		};
		43A667FE1D7B08B300D2E695 /* Release */ = {
			isa = XCBuildConfiguration;
			buildSettings = {
				ALWAYS_SEARCH_USER_PATHS = NO;
				CLANG_ANALYZER_NONNULL = YES;
				CLANG_CXX_LANGUAGE_STANDARD = "gnu++0x";
				CLANG_CXX_LIBRARY = "libc++";
				CLANG_ENABLE_MODULES = YES;
				CLANG_ENABLE_OBJC_ARC = YES;
				CLANG_WARN_BOOL_CONVERSION = YES;
				CLANG_WARN_CONSTANT_CONVERSION = YES;
				CLANG_WARN_DIRECT_OBJC_ISA_USAGE = YES_ERROR;
				CLANG_WARN_EMPTY_BODY = YES;
				CLANG_WARN_ENUM_CONVERSION = YES;
				CLANG_WARN_INT_CONVERSION = YES;
				CLANG_WARN_OBJC_ROOT_CLASS = YES_ERROR;
				CLANG_WARN_UNREACHABLE_CODE = YES;
				CLANG_WARN__DUPLICATE_METHOD_MATCH = YES;
				"CODE_SIGN_IDENTITY[sdk=iphoneos*]" = "iPhone Developer";
				COPY_PHASE_STRIP = NO;
				DEBUG_INFORMATION_FORMAT = "dwarf-with-dsym";
				ENABLE_NS_ASSERTIONS = NO;
				ENABLE_STRICT_OBJC_MSGSEND = YES;
				GCC_C_LANGUAGE_STANDARD = gnu99;
				GCC_NO_COMMON_BLOCKS = YES;
				GCC_WARN_64_TO_32_BIT_CONVERSION = YES;
				GCC_WARN_ABOUT_RETURN_TYPE = YES_ERROR;
				GCC_WARN_UNDECLARED_SELECTOR = YES;
				GCC_WARN_UNINITIALIZED_AUTOS = YES_AGGRESSIVE;
				GCC_WARN_UNUSED_FUNCTION = YES;
				GCC_WARN_UNUSED_VARIABLE = YES;
				IPHONEOS_DEPLOYMENT_TARGET = 9.3;
				MTL_ENABLE_DEBUG_INFO = NO;
				SDKROOT = iphoneos;
				VALIDATE_PRODUCT = YES;
			};
			name = Release;
		};
		43A668001D7B08B300D2E695 /* Debug */ = {
			isa = XCBuildConfiguration;
			buildSettings = {
				ASSETCATALOG_COMPILER_APPICON_NAME = AppIcon;
				INFOPLIST_FILE = "Grace-Chapel-App/Info.plist";
				LD_RUNPATH_SEARCH_PATHS = "$(inherited) @executable_path/Frameworks";
				PRODUCT_BUNDLE_IDENTIFIER = "nategrant.Grace-Chapel-App";
				PRODUCT_NAME = "$(TARGET_NAME)";
			};
			name = Debug;
		};
		43A668011D7B08B300D2E695 /* Release */ = {
			isa = XCBuildConfiguration;
			buildSettings = {
				ASSETCATALOG_COMPILER_APPICON_NAME = AppIcon;
				INFOPLIST_FILE = "Grace-Chapel-App/Info.plist";
				LD_RUNPATH_SEARCH_PATHS = "$(inherited) @executable_path/Frameworks";
				PRODUCT_BUNDLE_IDENTIFIER = "nategrant.Grace-Chapel-App";
				PRODUCT_NAME = "$(TARGET_NAME)";
			};
			name = Release;
		};
/* End XCBuildConfiguration section */

/* Begin XCConfigurationList section */
		43A667E61D7B08B200D2E695 /* Build configuration list for PBXProject "Grace-Chapel-App" */ = {
			isa = XCConfigurationList;
			buildConfigurations = (
				43A667FD1D7B08B300D2E695 /* Debug */,
				43A667FE1D7B08B300D2E695 /* Release */,
			);
			defaultConfigurationIsVisible = 0;
			defaultConfigurationName = Release;
		};
		43A667FF1D7B08B300D2E695 /* Build configuration list for PBXNativeTarget "Grace-Chapel-App" */ = {
			isa = XCConfigurationList;
			buildConfigurations = (
				43A668001D7B08B300D2E695 /* Debug */,
				43A668011D7B08B300D2E695 /* Release */,
			);
			defaultConfigurationIsVisible = 0;
			defaultConfigurationName = Release;
		};
/* End XCConfigurationList section */
	};
	rootObject = 43A667E31D7B08B200D2E695 /* Project object */;
}
